lockfileVersion: '9.0'

settings:
  autoInstallPeers: true
  excludeLinksFromLockfile: false

importers:

  .:
    devDependencies:
      '@agent-desk/cli':
        specifier: workspace:*
        version: link:packages/cli
      '@types/node':
        specifier: ^22.13.10
        version: 22.20.1
      typescript:
        specifier: ^5.8.2
        version: 5.9.3

  packages/cli:
    dependencies:
      '@agent-desk/core':
        specifier: workspace:*
        version: link:../core
      '@agent-desk/db':
        specifier: workspace:*
        version: link:../db
      '@agent-desk/provider-agent-claude':
        specifier: workspace:*
        version: link:../provider-agent-claude
      '@agent-desk/provider-issue-manual':
        specifier: workspace:*
        version: link:../provider-issue-manual
      '@agent-desk/provider-notify-webhook':
        specifier: workspace:*
        version: link:../provider-notify-webhook
      '@agent-desk/runner':
        specifier: workspace:*
        version: link:../runner
      '@agent-desk/server':
        specifier: workspace:*
        version: link:../server
      '@agent-desk/workflow':
        specifier: workspace:*
        version: link:../workflow
      commander:
        specifier: ^13.1.0
        version: 13.1.0

  packages/core: {}

  packages/db:
    dependencies:
      '@agent-desk/core':
        specifier: workspace:*
        version: link:../core
      better-sqlite3:
        specifier: ^11.8.1
        version: 11.10.0
    devDependencies:
      '@types/better-sqlite3':
        specifier: ^7.6.12
        version: 7.6.13

  packages/provider-agent: {}

  packages/provider-agent-claude:
    dependencies:
      '@agent-desk/provider-agent':
        specifier: workspace:*
        version: link:../provider-agent

  packages/provider-issue: {}

  packages/provider-issue-manual:
    dependencies:
      '@agent-desk/provider-issue':
        specifier: workspace:*
        version: link:../provider-issue

  packages/provider-notify: {}

  packages/provider-notify-webhook:
    dependencies:
      '@agent-desk/provider-notify':
        specifier: workspace:*
        version: link:../provider-notify

  packages/runner:
    dependencies:
      '@agent-desk/core':
        specifier: workspace:*
        version: link:../core
      '@agent-desk/db':
        specifier: workspace:*
        version: link:../db
      '@agent-desk/provider-agent':
        specifier: workspace:*
        version: link:../provider-agent
      '@agent-desk/provider-notify':
        specifier: workspace:*
        version: link:../provider-notify

  packages/server:
    dependencies:
      '@agent-desk/core':
        specifier: workspace:*
        version: link:../core
      '@agent-desk/db':
        specifier: workspace:*
        version: link:../db
      '@agent-desk/provider-agent-claude':
        specifier: workspace:*
        version: link:../provider-agent-claude
      '@agent-desk/provider-issue-manual':
        specifier: workspace:*
        version: link:../provider-issue-manual
      '@agent-desk/provider-notify-webhook':
        specifier: workspace:*
        version: link:../provider-notify-webhook
      '@agent-desk/runner':
        specifier: workspace:*
        version: link:../runner
      '@agent-desk/ui':
        specifier: workspace:*
        version: link:../ui
      '@agent-desk/workflow':
        specifier: workspace:*
        version: link:../workflow
      '@fastify/static':
        specifier: ^8.1.1
        version: 8.3.0
      fastify:
        specifier: ^5.2.1
        version: 5.12.1

  packages/ui: {}

  packages/workflow:
    dependencies:
      '@agent-desk/core':
        specifier: workspace:*
        version: link:../core
      '@agent-desk/db':
        specifier: workspace:*
        version: link:../db
      '@agent-desk/runner':
        specifier: workspace:*
        version: link:../runner
      yaml:
        specifier: ^2.7.0
        version: 2.9.0

packages:

  '@fastify/accept-negotiator@2.1.0':
    resolution: {integrity: sha1-Q6D71N6zD2WWfVgjod0JSV3cQOU=, tarball: http://registry.m.jd.com/@fastify/accept-negotiator/download/@fastify/accept-negotiator-2.1.0.tgz}

  '@fastify/ajv-compiler@4.0.6':
    resolution: {integrity: sha1-9PHqmU1/s+BZBvfLoAAgAyfQxKk=, tarball: http://registry.m.jd.com/@fastify/ajv-compiler/download/@fastify/ajv-compiler-4.0.6.tgz}

  '@fastify/error@4.2.0':
    resolution: {integrity: sha1-1A9GunX1Qf3MTcJ2tzCLvI6ObXo=, tarball: http://registry.m.jd.com/@fastify/error/download/@fastify/error-4.2.0.tgz}

  '@fastify/fast-json-stringify-compiler@5.1.0':
    resolution: {integrity: sha1-pkJ44onR0f0WJB9nMLeY/BBXuO0=, tarball: http://registry.m.jd.com/@fastify/fast-json-stringify-compiler/download/@fastify/fast-json-stringify-compiler-5.1.0.tgz}

  '@fastify/forwarded@3.0.2':
    resolution: {integrity: sha1-cNi3cCemUBumKt0liuJpwpKDXJU=, tarball: http://registry.m.jd.com/@fastify/forwarded/download/@fastify/forwarded-3.0.2.tgz}

  '@fastify/merge-json-schemas@0.2.1':
    resolution: {integrity: sha1-OqMNLwyBqKxZlbbZTtTqosMFWCQ=, tarball: http://registry.m.jd.com/@fastify/merge-json-schemas/download/@fastify/merge-json-schemas-0.2.1.tgz}

  '@fastify/proxy-addr@5.1.0':
    resolution: {integrity: sha1-9TYLXdg8fePUG0Fb5Kq4SuRKoQY=, tarball: http://registry.m.jd.com/@fastify/proxy-addr/download/@fastify/proxy-addr-5.1.0.tgz}

  '@fastify/send@4.1.1':
    resolution: {integrity: sha1-/MauwGedTi0pkqykFjdOV1Zcj+A=, tarball: http://registry.m.jd.com/@fastify/send/download/@fastify/send-4.1.1.tgz}

  '@fastify/static@8.3.0':
    resolution: {integrity: sha1-0NK8BpAV4yK0o3KmSBBXMZ3i5ao=, tarball: http://registry.m.jd.com/@fastify/static/download/@fastify/static-8.3.0.tgz}

  '@isaacs/cliui@9.0.0':
    resolution: {integrity: sha1-TQo/EnBYBDvy5+4Wnq8w7ZATAvM=, tarball: http://registry.m.jd.com/@isaacs/cliui/download/@isaacs/cliui-9.0.0.tgz}
    engines: {node: '>=18'}

  '@lukeed/ms@2.0.2':
    resolution: {integrity: sha1-B/CeWadMUvTYjG21wQVOgZU44qg=, tarball: http://registry.m.jd.com/@lukeed/ms/download/@lukeed/ms-2.0.2.tgz}
    engines: {node: '>=8'}

  '@pinojs/redact@0.4.0':
    resolution: {integrity: sha1-w94GDdEmQNzIOFFqoqaAPMey6dY=, tarball: http://registry.m.jd.com/@pinojs/redact/download/@pinojs/redact-0.4.0.tgz}

  '@types/better-sqlite3@7.6.13':
    resolution: {integrity: sha1-pyOH8A0vU8q2meY/LiwFRTz5U/A=, tarball: http://registry.m.jd.com/@types/better-sqlite3/download/@types/better-sqlite3-7.6.13.tgz}

  '@types/node@22.20.1':
    resolution: {integrity: sha1-hOfN9jzaogwTSqMXzMkBqiHhbw4=, tarball: http://registry.m.jd.com/@types/node/download/@types/node-22.20.1.tgz}

  abstract-logging@2.0.1:
    resolution: {integrity: sha1-aww3HfIS23EptX0uf88oK4vxyDk=, tarball: http://registry.m.jd.com/abstract-logging/download/abstract-logging-2.0.1.tgz}

  ajv-formats@3.0.1:
    resolution: {integrity: sha1-PV3HYryhdnnDwup+kK1rdTIwlXg=, tarball: http://registry.m.jd.com/ajv-formats/download/ajv-formats-3.0.1.tgz}
    peerDependencies:
      ajv: ^8.0.0
    peerDependenciesMeta:
      ajv:
        optional: true

  ajv@8.20.0:
    resolution: {integrity: sha1-MEs2Nq3Yi6fZNnYN1Q7OAG3qlfk=, tarball: http://registry.m.jd.com/ajv/download/ajv-8.20.0.tgz}

  atomic-sleep@1.0.0:
    resolution: {integrity: sha1-64W3emAfyTLP5DLFrNNkqeLJB1s=, tarball: http://registry.m.jd.com/atomic-sleep/download/atomic-sleep-1.0.0.tgz}
    engines: {node: '>=8.0.0'}

  avvio@9.3.0:
    resolution: {integrity: sha1-5LwzzikakIhzrq1ybHOqtv82TxI=, tarball: http://registry.m.jd.com/avvio/download/avvio-9.3.0.tgz}

  balanced-match@4.0.4:
    resolution: {integrity: sha1-v7EGYv7tgZaixi58aOF3IMJ0F5o=, tarball: http://registry.m.jd.com/balanced-match/download/balanced-match-4.0.4.tgz}
    engines: {node: 18 || 20 || >=22}

  base64-js@1.5.1:
    resolution: {integrity: sha1-GxtEAWClv3rUC2UPCVljSBkDkwo=, tarball: http://registry.m.jd.com/base64-js/download/base64-js-1.5.1.tgz}

  better-sqlite3@11.10.0:
    resolution: {integrity: sha1-KxsUxazXWkP9hNEswpHqmM71fZg=, tarball: http://registry.m.jd.com/better-sqlite3/download/better-sqlite3-11.10.0.tgz}

  bindings@1.5.0:
    resolution: {integrity: sha1-EDU8npRTNLwFEabZCzj7x8nFBN8=, tarball: http://registry.m.jd.com/bindings/download/bindings-1.5.0.tgz}

  bl@4.1.0:
    resolution: {integrity: sha1-RRU1JkGCvsL7vIOmKrmM8R2fezo=, tarball: http://registry.m.jd.com/bl/download/bl-4.1.0.tgz}

  brace-expansion@5.0.9:
    resolution: {integrity: sha1-fHJDiAm1+lur9UGZofHCgaaYT88=, tarball: http://registry.m.jd.com/brace-expansion/download/brace-expansion-5.0.9.tgz}
    engines: {node: 20 || >=22}

  buffer@5.7.1:
    resolution: {integrity: sha1-umLnwTEzBTWCGXFghRqPZI6Z7tA=, tarball: http://registry.m.jd.com/buffer/download/buffer-5.7.1.tgz}

  chownr@1.1.4:
    resolution: {integrity: sha1-b8nXtC0ypYNZYzdmbn0ICE2izGs=, tarball: http://registry.m.jd.com/chownr/download/chownr-1.1.4.tgz}

  commander@13.1.0:
    resolution: {integrity: sha1-d2Fn22jHjzjczh+bjXuLmkiKv0Y=, tarball: http://registry.m.jd.com/commander/download/commander-13.1.0.tgz}
    engines: {node: '>=18'}

  content-disposition@0.5.4:
    resolution: {integrity: sha1-i4K076yCUSoCuwsdzsnSxejrW/4=, tarball: http://registry.m.jd.com/content-disposition/download/content-disposition-0.5.4.tgz}
    engines: {node: '>= 0.6'}

  cookie@1.1.1:
    resolution: {integrity: sha1-O7m9/II2nbnC9pyTycPOsxDIizw=, tarball: http://registry.m.jd.com/cookie/download/cookie-1.1.1.tgz}
    engines: {node: '>=18'}

  cross-spawn@7.0.6:
    resolution: {integrity: sha1-ilj+ePANzXDDcEUXWd+/rwPo7p8=, tarball: http://registry.m.jd.com/cross-spawn/download/cross-spawn-7.0.6.tgz}
    engines: {node: '>= 8'}

  decompress-response@6.0.0:
    resolution: {integrity: sha1-yjh2Et234QS9FthaqwDV7PCcZvw=, tarball: http://registry.m.jd.com/decompress-response/download/decompress-response-6.0.0.tgz}
    engines: {node: '>=10'}

  deep-extend@0.6.0:
    resolution: {integrity: sha1-xPp8lUBKF6nD6Mp+FTcxK3NjMKw=, tarball: http://registry.m.jd.com/deep-extend/download/deep-extend-0.6.0.tgz}
    engines: {node: '>=4.0.0'}

  depd@2.0.0:
    resolution: {integrity: sha1-tpYWPMdXVg0JzyLMj60Vcbeedt8=, tarball: http://registry.m.jd.com/depd/download/depd-2.0.0.tgz}
    engines: {node: '>= 0.8'}

  dequal@2.0.3:
    resolution: {integrity: sha1-JkQhTxmX057Q7g7OcjNUkKesZ74=, tarball: http://registry.m.jd.com/dequal/download/dequal-2.0.3.tgz}
    engines: {node: '>=6'}

  detect-libc@2.1.2:
    resolution: {integrity: sha1-aJxdzcGQDvVYOky59te0c3QgdK0=, tarball: http://registry.m.jd.com/detect-libc/download/detect-libc-2.1.2.tgz}
    engines: {node: '>=8'}

  end-of-stream@1.4.5:
    resolution: {integrity: sha1-c0TXEd6kDgt0q8LtSXeHQ8ztsIw=, tarball: http://registry.m.jd.com/end-of-stream/download/end-of-stream-1.4.5.tgz}

  escape-html@1.0.3:
    resolution: {integrity: sha1-Aljq5NPQwJdN4cFpGI7wBR0dGYg=, tarball: http://registry.m.jd.com/escape-html/download/escape-html-1.0.3.tgz}

  expand-template@2.0.3:
    resolution: {integrity: sha1-bhSz/O4POmNA7LV9LokYaSBSpHw=, tarball: http://registry.m.jd.com/expand-template/download/expand-template-2.0.3.tgz}
    engines: {node: '>=6'}

  fast-decode-uri-component@1.0.1:
    resolution: {integrity: sha1-Rvi2wisw/3qBNX1PWav66TggJUM=, tarball: http://registry.m.jd.com/fast-decode-uri-component/download/fast-decode-uri-component-1.0.1.tgz}

  fast-deep-equal@3.1.3:
    resolution: {integrity: sha1-On1WtVnWy8PrUSMlJE5hmmXGxSU=, tarball: http://registry.m.jd.com/fast-deep-equal/download/fast-deep-equal-3.1.3.tgz}

  fast-json-stringify@7.0.1:
    resolution: {integrity: sha1-5SihGmGW+lTt1+UTacMHZOCDnRM=, tarball: http://registry.m.jd.com/fast-json-stringify/download/fast-json-stringify-7.0.1.tgz}

  fast-querystring@1.1.2:
    resolution: {integrity: sha1-ptJJN7T8b3kbTuMdy29Trq+4n1M=, tarball: http://registry.m.jd.com/fast-querystring/download/fast-querystring-1.1.2.tgz}

  fast-uri@3.1.6:
    resolution: {integrity: sha1-v90wjvdj+DX+0Fnzxskl9wjjPjo=, tarball: http://registry.m.jd.com/fast-uri/download/fast-uri-3.1.6.tgz}

  fast-uri@4.1.3:
    resolution: {integrity: sha1-VuPhkAmVda92N7skJGaCc3NINtI=, tarball: http://registry.m.jd.com/fast-uri/download/fast-uri-4.1.3.tgz}

  fastify-plugin@5.1.0:
    resolution: {integrity: sha1-cIPgOdZBhBX5pmn4wl5y/Fvy0+c=, tarball: http://registry.m.jd.com/fastify-plugin/download/fastify-plugin-5.1.0.tgz}

  fastify@5.12.1:
    resolution: {integrity: sha1-06c27Q1lbY/+7ZCccJmAmyS58Ag=, tarball: http://registry.m.jd.com/fastify/download/fastify-5.12.1.tgz}

  fastq@1.20.1:
    resolution: {integrity: sha1-ynUKENySW8ixiDn9ID4+9LPO1nU=, tarball: http://registry.m.jd.com/fastq/download/fastq-1.20.1.tgz}

  file-uri-to-path@1.0.0:
    resolution: {integrity: sha1-VTp7hEb/b2hDWcRF8eN6BdrMM90=, tarball: http://registry.m.jd.com/file-uri-to-path/download/file-uri-to-path-1.0.0.tgz}

  find-my-way@9.8.0:
    resolution: {integrity: sha1-+DpUF409g6bXUpFafU8jnbV8SBI=, tarball: http://registry.m.jd.com/find-my-way/download/find-my-way-9.8.0.tgz}
    engines: {node: '>=20'}

  foreground-child@3.3.1:
    resolution: {integrity: sha1-Mujp7Rtoo0l777msK2rfkqY4V28=, tarball: http://registry.m.jd.com/foreground-child/download/foreground-child-3.3.1.tgz}
    engines: {node: '>=14'}

  fs-constants@1.0.0:
    resolution: {integrity: sha1-a+Dem+mYzhavivwkSXue6bfM2a0=, tarball: http://registry.m.jd.com/fs-constants/download/fs-constants-1.0.0.tgz}

  github-from-package@0.0.0:
    resolution: {integrity: sha1-l/tdlr/eiXMxPyDoKI75oWf6ZM4=, tarball: http://registry.m.jd.com/github-from-package/download/github-from-package-0.0.0.tgz}

  glob@11.1.0:
    resolution: {integrity: sha1-T4JlduTrmcfa04N5PS+fCPZ+UKY=, tarball: http://registry.m.jd.com/glob/download/glob-11.1.0.tgz}
    engines: {node: 20 || >=22}
    hasBin: true

  http-errors@2.0.1:
    resolution: {integrity: sha1-NtL2W8kJyHkAGN02+02T2myq4Gs=, tarball: http://registry.m.jd.com/http-errors/download/http-errors-2.0.1.tgz}
    engines: {node: '>= 0.8'}

  ieee754@1.2.1:
    resolution: {integrity: sha1-jrehCmP/8l0VpXsAFYbRd9Gw01I=, tarball: http://registry.m.jd.com/ieee754/download/ieee754-1.2.1.tgz}

  inherits@2.0.4:
    resolution: {integrity: sha1-D6LGT5MpF8NDOg3tVTY6rjdBa3w=, tarball: http://registry.m.jd.com/inherits/download/inherits-2.0.4.tgz}

  ini@1.3.8:
    resolution: {integrity: sha1-op2kJbSIBvNHZ6Tvzjlyaa8oQyw=, tarball: http://registry.m.jd.com/ini/download/ini-1.3.8.tgz}

  ipaddr.js@2.5.0:
    resolution: {integrity: sha1-fUtsOfk5L7Yc+AfebkJeIsEOBh8=, tarball: http://registry.m.jd.com/ipaddr.js/download/ipaddr.js-2.5.0.tgz}
    engines: {node: '>= 10'}

  isexe@2.0.0:
    resolution: {integrity: sha1-6PvzdNxVb/iUehDcsFctYz8s+hA=, tarball: http://registry.m.jd.com/isexe/download/isexe-2.0.0.tgz}

  jackspeak@4.2.3:
    resolution: {integrity: sha1-J++A8zuTQSA3w76k+O3fgOGTFIM=, tarball: http://registry.m.jd.com/jackspeak/download/jackspeak-4.2.3.tgz}
    engines: {node: 20 || >=22}

  json-schema-ref-resolver@3.0.0:
    resolution: {integrity: sha1-KPakEBIs3pI4dipekpb6o4vihwg=, tarball: http://registry.m.jd.com/json-schema-ref-resolver/download/json-schema-ref-resolver-3.0.0.tgz}

  json-schema-traverse@1.0.0:
    resolution: {integrity: sha1-rnvLNlard6c7pcSb9lTzjmtoYOI=, tarball: http://registry.m.jd.com/json-schema-traverse/download/json-schema-traverse-1.0.0.tgz}

  light-my-request@6.6.0:
    resolution: {integrity: sha1-yUSHcjI/ZfM3IPtZeceEHxQGCt0=, tarball: http://registry.m.jd.com/light-my-request/download/light-my-request-6.6.0.tgz}

  lru-cache@11.5.2:
    resolution: {integrity: sha1-AOFmZckMYg+6FKPDaHMql2ST92A=, tarball: http://registry.m.jd.com/lru-cache/download/lru-cache-11.5.2.tgz}
    engines: {node: 20 || >=22}

  mime@3.0.0:
    resolution: {integrity: sha1-s3RVDco6DBhEOwyVCmpY8ZMc96c=, tarball: http://registry.m.jd.com/mime/download/mime-3.0.0.tgz}
    engines: {node: '>=10.0.0'}
    hasBin: true

  mimic-response@3.1.0:
    resolution: {integrity: sha1-LR1Zr5wbEpgVrMwsRqAipc4fo8k=, tarball: http://registry.m.jd.com/mimic-response/download/mimic-response-3.1.0.tgz}
    engines: {node: '>=10'}

  minimatch@10.2.6:
    resolution: {integrity: sha1-/ZVrvgt3JB6fFaxdzLHGOAYJaO8=, tarball: http://registry.m.jd.com/minimatch/download/minimatch-10.2.6.tgz}
    engines: {node: 18 || 20 || >=22}

  minimist@1.2.8:
    resolution: {integrity: sha1-waRk52kzAuCCoHXO4MBXdBrEdyw=, tarball: http://registry.m.jd.com/minimist/download/minimist-1.2.8.tgz}

  minipass@7.1.3:
    resolution: {integrity: sha1-eTibTrG7LQA6m7qH1JLyvTe9xls=, tarball: http://registry.m.jd.com/minipass/download/minipass-7.1.3.tgz}
    engines: {node: '>=16 || 14 >=14.17'}

  mkdirp-classic@0.5.3:
    resolution: {integrity: sha1-+hDJEVzG2IZb4iG6R+6b7XhgERM=, tarball: http://registry.m.jd.com/mkdirp-classic/download/mkdirp-classic-0.5.3.tgz}

  napi-build-utils@2.0.0:
    resolution: {integrity: sha1-E8IsAYf8/MzhRhhEE2NypH3cAn4=, tarball: http://registry.m.jd.com/napi-build-utils/download/napi-build-utils-2.0.0.tgz}

  node-abi@3.94.0:
    resolution: {integrity: sha1-AHGB7Q0bVq6WcOpsCE0r+DU4QF8=, tarball: http://registry.m.jd.com/node-abi/download/node-abi-3.94.0.tgz}
    engines: {node: '>=10'}

  on-exit-leak-free@2.1.2:
    resolution: {integrity: sha1-/tGVyevdt9nkw4Qvk/KBrI2t07g=, tarball: http://registry.m.jd.com/on-exit-leak-free/download/on-exit-leak-free-2.1.2.tgz}
    engines: {node: '>=14.0.0'}

  once@1.4.0:
    resolution: {integrity: sha1-WDsap3WWHUsROsF9nFC6753Xa9E=, tarball: http://registry.m.jd.com/once/download/once-1.4.0.tgz}

  package-json-from-dist@1.0.1:
    resolution: {integrity: sha1-TxRxoBCCeob5TP2bByfjbSZ95QU=, tarball: http://registry.m.jd.com/package-json-from-dist/download/package-json-from-dist-1.0.1.tgz}

  path-key@3.1.1:
    resolution: {integrity: sha1-WB9q3mWMu6ZaDTOA3ndTKVBU83U=, tarball: http://registry.m.jd.com/path-key/download/path-key-3.1.1.tgz}
    engines: {node: '>=8'}

  path-scurry@2.0.2:
    resolution: {integrity: sha1-a+DQ7gKhDZ4N56mLrmXhgskGH4U=, tarball: http://registry.m.jd.com/path-scurry/download/path-scurry-2.0.2.tgz}
    engines: {node: 18 || 20 || >=22}

  pino-abstract-transport@3.0.0:
    resolution: {integrity: sha1-sh5fM6KX6MTJFcYrPOXdSoelLCM=, tarball: http://registry.m.jd.com/pino-abstract-transport/download/pino-abstract-transport-3.0.0.tgz}

  pino-std-serializers@7.1.0:
    resolution: {integrity: sha1-p7DNZSJfKeklQOeFO9c7B0eYk/w=, tarball: http://registry.m.jd.com/pino-std-serializers/download/pino-std-serializers-7.1.0.tgz}

  pino@10.3.1:
    resolution: {integrity: sha1-ZVLI+NhIGETJ5FLnvwvpC/8ZOc4=, tarball: http://registry.m.jd.com/pino/download/pino-10.3.1.tgz}
    hasBin: true

  prebuild-install@7.1.3:
    resolution: {integrity: sha1-1jCrrSsUdEPyCiEpF76uaLgJLuw=, tarball: http://registry.m.jd.com/prebuild-install/download/prebuild-install-7.1.3.tgz}
    engines: {node: '>=10'}
    deprecated: No longer maintained. Please contact the author of the relevant native addon; alternatives are available.
    hasBin: true

  process-warning@4.0.1:
    resolution: {integrity: sha1-XB22YAfGfHVuTgnrFwzezhXaMvs=, tarball: http://registry.m.jd.com/process-warning/download/process-warning-4.0.1.tgz}

  process-warning@5.1.0:
    resolution: {integrity: sha1-DqCUsYthD1lCQ+/FheIPLb7lVdw=, tarball: http://registry.m.jd.com/process-warning/download/process-warning-5.1.0.tgz}

  pump@3.0.4:
    resolution: {integrity: sha1-HzE0MFJ/qLkFYi69Iv4UROdXqzw=, tarball: http://registry.m.jd.com/pump/download/pump-3.0.4.tgz}

  quick-format-unescaped@4.0.4:
    resolution: {integrity: sha1-k+9t2NNFPLx5cN1hT61MWVTWtac=, tarball: http://registry.m.jd.com/quick-format-unescaped/download/quick-format-unescaped-4.0.4.tgz}

  rc@1.2.8:
    resolution: {integrity: sha1-zZJL9SAKB1uDwYjNa54hG3/A0+0=, tarball: http://registry.m.jd.com/rc/download/rc-1.2.8.tgz}
    hasBin: true

  readable-stream@3.6.2:
    resolution: {integrity: sha1-VqmzbqllwAxak+8x6xEaDxEFaWc=, tarball: http://registry.m.jd.com/readable-stream/download/readable-stream-3.6.2.tgz}
    engines: {node: '>= 6'}

  real-require@0.2.0:
    resolution: {integrity: sha1-IJYy3qGBC+KuBjpqwIT+5+M/ung=, tarball: http://registry.m.jd.com/real-require/download/real-require-0.2.0.tgz}
    engines: {node: '>= 12.13.0'}

  real-require@1.0.0:
    resolution: {integrity: sha1-5PCjc36AYMUTtgwmUsWLjvVryKk=, tarball: http://registry.m.jd.com/real-require/download/real-require-1.0.0.tgz}

  require-from-string@2.0.2:
    resolution: {integrity: sha1-iaf92TgmEmcxjq/hT5wy5ZjDaQk=, tarball: http://registry.m.jd.com/require-from-string/download/require-from-string-2.0.2.tgz}
    engines: {node: '>=0.10.0'}

  ret@0.5.0:
    resolution: {integrity: sha1-MKTTin5wS9ltxf/L584qknTEHJU=, tarball: http://registry.m.jd.com/ret/download/ret-0.5.0.tgz}
    engines: {node: '>=10'}

  reusify@1.1.0:
    resolution: {integrity: sha1-D+E7lSLhRz9RtVjueW4I8R+bSJ8=, tarball: http://registry.m.jd.com/reusify/download/reusify-1.1.0.tgz}
    engines: {iojs: '>=1.0.0', node: '>=0.10.0'}

  rfdc@1.4.1:
    resolution: {integrity: sha1-d492xPtzHZNBTo+SX77PZMzn9so=, tarball: http://registry.m.jd.com/rfdc/download/rfdc-1.4.1.tgz}

  safe-buffer@5.2.1:
    resolution: {integrity: sha1-Hq+fqb2x/dTsdfWPnNtOa3gn7sY=, tarball: http://registry.m.jd.com/safe-buffer/download/safe-buffer-5.2.1.tgz}

  safe-regex2@5.1.1:
    resolution: {integrity: sha1-pfOm41uNhND0H6Iu/VttMLNnu8c=, tarball: http://registry.m.jd.com/safe-regex2/download/safe-regex2-5.1.1.tgz}
    hasBin: true

  safe-stable-stringify@2.5.0:
    resolution: {integrity: sha1-TKL444XygxxDKnGbEIo7969Cod0=, tarball: http://registry.m.jd.com/safe-stable-stringify/download/safe-stable-stringify-2.5.0.tgz}
    engines: {node: '>=10'}

  secure-json-parse@4.1.0:
    resolution: {integrity: sha1-Txq0HGehNJfqG5Exu0GDoihlR3w=, tarball: http://registry.m.jd.com/secure-json-parse/download/secure-json-parse-4.1.0.tgz}

  semver@7.8.5:
    resolution: {integrity: sha1-ObZGA33VDBT7RR5+TKxY7YuGP2k=, tarball: http://registry.m.jd.com/semver/download/semver-7.8.5.tgz}
    engines: {node: '>=10'}
    hasBin: true

  set-cookie-parser@2.7.2:
    resolution: {integrity: sha1-zNCGc6muXS5E6iot4lCJ5nx+32g=, tarball: http://registry.m.jd.com/set-cookie-parser/download/set-cookie-parser-2.7.2.tgz}

  setprototypeof@1.2.0:
    resolution: {integrity: sha1-ZsmiSnP5/CjL5msJ/tPTPcrxtCQ=, tarball: http://registry.m.jd.com/setprototypeof/download/setprototypeof-1.2.0.tgz}

  shebang-command@2.0.0:
    resolution: {integrity: sha1-zNCvT4g1+9wmW4JGGq8MNmY/NOo=, tarball: http://registry.m.jd.com/shebang-command/download/shebang-command-2.0.0.tgz}
    engines: {node: '>=8'}

  shebang-regex@3.0.0:
    resolution: {integrity: sha1-rhbxZE2HPsrYQ7AwexQzYtTEIXI=, tarball: http://registry.m.jd.com/shebang-regex/download/shebang-regex-3.0.0.tgz}
    engines: {node: '>=8'}

  signal-exit@4.1.0:
    resolution: {integrity: sha1-lSGIwcvVRgcOLdIND0HArgUwywQ=, tarball: http://registry.m.jd.com/signal-exit/download/signal-exit-4.1.0.tgz}
    engines: {node: '>=14'}

  simple-concat@1.0.1:
    resolution: {integrity: sha1-9Gl2CCujXCJj8cirXt/ibEHJVS8=, tarball: http://registry.m.jd.com/simple-concat/download/simple-concat-1.0.1.tgz}

  simple-get@4.0.1:
    resolution: {integrity: sha1-SjnbVJKHyXnTUhEvoD/Zn9a8NUM=, tarball: http://registry.m.jd.com/simple-get/download/simple-get-4.0.1.tgz}

  sonic-boom@4.2.1:
    resolution: {integrity: sha1-KFmCUN9ImcCsVy1+LwRgaQumoDA=, tarball: http://registry.m.jd.com/sonic-boom/download/sonic-boom-4.2.1.tgz}

  split2@4.2.0:
    resolution: {integrity: sha1-ycWSCQTRSLqwufZxRfJFqGqtv6Q=, tarball: http://registry.m.jd.com/split2/download/split2-4.2.0.tgz}
    engines: {node: '>= 10.x'}

  statuses@2.0.2:
    resolution: {integrity: sha1-j3XuzvdlteHPzcCA2llAntQk44I=, tarball: http://registry.m.jd.com/statuses/download/statuses-2.0.2.tgz}
    engines: {node: '>= 0.8'}

  string_decoder@1.3.0:
    resolution: {integrity: sha1-QvEUWUpGzxqOMLCoT1bHjD7awh4=, tarball: http://registry.m.jd.com/string_decoder/download/string_decoder-1.3.0.tgz}

  strip-json-comments@2.0.1:
    resolution: {integrity: sha1-PFMZQukIwml8DsNEhYwobHygpgo=, tarball: http://registry.m.jd.com/strip-json-comments/download/strip-json-comments-2.0.1.tgz}
    engines: {node: '>=0.10.0'}

  tar-fs@2.1.5:
    resolution: {integrity: sha1-M+nClBPc4MWK2n/3fbTlowr//nA=, tarball: http://registry.m.jd.com/tar-fs/download/tar-fs-2.1.5.tgz}

  tar-stream@2.2.0:
    resolution: {integrity: sha1-rK2EwoQTawYNw/qmRHSqmuvXcoc=, tarball: http://registry.m.jd.com/tar-stream/download/tar-stream-2.2.0.tgz}
    engines: {node: '>=6'}

  thread-stream@4.2.0:
    resolution: {integrity: sha1-BUBj6TuqsiNj0Ft4TWx+Q5Iwysc=, tarball: http://registry.m.jd.com/thread-stream/download/thread-stream-4.2.0.tgz}
    engines: {node: '>=20'}

  toad-cache@3.7.4:
    resolution: {integrity: sha1-IR5yYFu3hi38aOHA350P49wt7Ac=, tarball: http://registry.m.jd.com/toad-cache/download/toad-cache-3.7.4.tgz}
    engines: {node: '>=20'}

  toidentifier@1.0.1:
    resolution: {integrity: sha1-O+NDIaiKgg7RvYDfqjPkefu43TU=, tarball: http://registry.m.jd.com/toidentifier/download/toidentifier-1.0.1.tgz}
    engines: {node: '>=0.6'}

  tunnel-agent@0.6.0:
    resolution: {integrity: sha1-J6XeoGs2sEoKmWZ3SykIaPD8QP0=, tarball: http://registry.m.jd.com/tunnel-agent/download/tunnel-agent-0.6.0.tgz}

  typescript@5.9.3:
    resolution: {integrity: sha1-W09Z4VMQqxeiFvXWz1PuR27eZw8=, tarball: http://registry.m.jd.com/typescript/download/typescript-5.9.3.tgz}
    engines: {node: '>=14.17'}
    hasBin: true

  undici-types@6.21.0:
    resolution: {integrity: sha1-aR0ArzkJvpOn+qE75hs6W1DvEss=, tarball: http://registry.m.jd.com/undici-types/download/undici-types-6.21.0.tgz}

  util-deprecate@1.0.2:
    resolution: {integrity: sha1-RQ1Nyfpw3nMnYvvS1KKJgUGaDM8=, tarball: http://registry.m.jd.com/util-deprecate/download/util-deprecate-1.0.2.tgz}

  which@2.0.2:
    resolution: {integrity: sha1-fGqN0KY2oDJ+ELWckobu6T8/UbE=, tarball: http://registry.m.jd.com/which/download/which-2.0.2.tgz}
    engines: {node: '>= 8'}
    hasBin: true

  wrappy@1.0.2:
    resolution: {integrity: sha1-tSQ9jz7BqjXxNkYFvA0QNuMKtp8=, tarball: http://registry.m.jd.com/wrappy/download/wrappy-1.0.2.tgz}

  yaml@2.9.0:
    resolution: {integrity: sha1-eCdK/ZNZih391hMN9qVm3vy/mqQ=, tarball: http://registry.m.jd.com/yaml/download/yaml-2.9.0.tgz}
    engines: {node: '>= 14.6'}
    hasBin: true

snapshots:

  '@fastify/accept-negotiator@2.1.0': {}

  '@fastify/ajv-compiler@4.0.6':
    dependencies:
      ajv: 8.20.0
      ajv-formats: 3.0.1(ajv@8.20.0)
      fast-uri: 4.1.3

  '@fastify/error@4.2.0': {}

  '@fastify/fast-json-stringify-compiler@5.1.0':
    dependencies:
      fast-json-stringify: 7.0.1

  '@fastify/forwarded@3.0.2': {}

  '@fastify/merge-json-schemas@0.2.1':
    dependencies:
      dequal: 2.0.3

  '@fastify/proxy-addr@5.1.0':
    dependencies:
      '@fastify/forwarded': 3.0.2
      ipaddr.js: 2.5.0

  '@fastify/send@4.1.1':
    dependencies:
      '@lukeed/ms': 2.0.2
      escape-html: 1.0.3
      fast-decode-uri-component: 1.0.1
      http-errors: 2.0.1
      mime: 3.0.0

  '@fastify/static@8.3.0':
    dependencies:
      '@fastify/accept-negotiator': 2.1.0
      '@fastify/send': 4.1.1
      content-disposition: 0.5.4
      fastify-plugin: 5.1.0
      fastq: 1.20.1
      glob: 11.1.0

  '@isaacs/cliui@9.0.0': {}

  '@lukeed/ms@2.0.2': {}

  '@pinojs/redact@0.4.0': {}

  '@types/better-sqlite3@7.6.13':
    dependencies:
      '@types/node': 22.20.1

  '@types/node@22.20.1':
    dependencies:
      undici-types: 6.21.0

  abstract-logging@2.0.1: {}

  ajv-formats@3.0.1(ajv@8.20.0):
    optionalDependencies:
      ajv: 8.20.0

  ajv@8.20.0:
    dependencies:
      fast-deep-equal: 3.1.3
      fast-uri: 3.1.6
      json-schema-traverse: 1.0.0
      require-from-string: 2.0.2

  atomic-sleep@1.0.0: {}

  avvio@9.3.0:
    dependencies:
      '@fastify/error': 4.2.0
      fastq: 1.20.1

  balanced-match@4.0.4: {}

  base64-js@1.5.1: {}

  better-sqlite3@11.10.0:
    dependencies:
      bindings: 1.5.0
      prebuild-install: 7.1.3

  bindings@1.5.0:
    dependencies:
      file-uri-to-path: 1.0.0

  bl@4.1.0:
    dependencies:
      buffer: 5.7.1
      inherits: 2.0.4
      readable-stream: 3.6.2

  brace-expansion@5.0.9:
    dependencies:
      balanced-match: 4.0.4

  buffer@5.7.1:
    dependencies:
      base64-js: 1.5.1
      ieee754: 1.2.1

  chownr@1.1.4: {}

  commander@13.1.0: {}

  content-disposition@0.5.4:
    dependencies:
      safe-buffer: 5.2.1

  cookie@1.1.1: {}

  cross-spawn@7.0.6:
    dependencies:
      path-key: 3.1.1
      shebang-command: 2.0.0
      which: 2.0.2

  decompress-response@6.0.0:
    dependencies:
      mimic-response: 3.1.0

  deep-extend@0.6.0: {}

  depd@2.0.0: {}

  dequal@2.0.3: {}

  detect-libc@2.1.2: {}

  end-of-stream@1.4.5:
    dependencies:
      once: 1.4.0

  escape-html@1.0.3: {}

  expand-template@2.0.3: {}

  fast-decode-uri-component@1.0.1: {}

  fast-deep-equal@3.1.3: {}

  fast-json-stringify@7.0.1:
    dependencies:
      '@fastify/merge-json-schemas': 0.2.1
      ajv: 8.20.0
      ajv-formats: 3.0.1(ajv@8.20.0)
      fast-uri: 4.1.3
      json-schema-ref-resolver: 3.0.0
      rfdc: 1.4.1

  fast-querystring@1.1.2:
    dependencies:
      fast-decode-uri-component: 1.0.1

  fast-uri@3.1.6: {}

  fast-uri@4.1.3: {}

  fastify-plugin@5.1.0: {}

  fastify@5.12.1:
    dependencies:
      '@fastify/ajv-compiler': 4.0.6
      '@fastify/error': 4.2.0
      '@fastify/fast-json-stringify-compiler': 5.1.0
      '@fastify/proxy-addr': 5.1.0
      abstract-logging: 2.0.1
      avvio: 9.3.0
      fast-json-stringify: 7.0.1
      find-my-way: 9.8.0
      light-my-request: 6.6.0
      pino: 10.3.1
      process-warning: 5.1.0
      rfdc: 1.4.1
      secure-json-parse: 4.1.0
      semver: 7.8.5
      toad-cache: 3.7.4

  fastq@1.20.1:
    dependencies:
      reusify: 1.1.0

  file-uri-to-path@1.0.0: {}

  find-my-way@9.8.0:
    dependencies:
      fast-deep-equal: 3.1.3
      fast-querystring: 1.1.2
      safe-regex2: 5.1.1

  foreground-child@3.3.1:
    dependencies:
      cross-spawn: 7.0.6
      signal-exit: 4.1.0

  fs-constants@1.0.0: {}

  github-from-package@0.0.0: {}

  glob@11.1.0:
    dependencies:
      foreground-child: 3.3.1
      jackspeak: 4.2.3
      minimatch: 10.2.6
      minipass: 7.1.3
      package-json-from-dist: 1.0.1
      path-scurry: 2.0.2

  http-errors@2.0.1:
    dependencies:
      depd: 2.0.0
      inherits: 2.0.4
      setprototypeof: 1.2.0
      statuses: 2.0.2
      toidentifier: 1.0.1

  ieee754@1.2.1: {}

  inherits@2.0.4: {}

  ini@1.3.8: {}

  ipaddr.js@2.5.0: {}

  isexe@2.0.0: {}

  jackspeak@4.2.3:
    dependencies:
      '@isaacs/cliui': 9.0.0

  json-schema-ref-resolver@3.0.0:
    dependencies:
      dequal: 2.0.3

  json-schema-traverse@1.0.0: {}

  light-my-request@6.6.0:
    dependencies:
      cookie: 1.1.1
      process-warning: 4.0.1
      set-cookie-parser: 2.7.2

  lru-cache@11.5.2: {}

  mime@3.0.0: {}

  mimic-response@3.1.0: {}

  minimatch@10.2.6:
    dependencies:
      brace-expansion: 5.0.9

  minimist@1.2.8: {}

  minipass@7.1.3: {}

  mkdirp-classic@0.5.3: {}

  napi-build-utils@2.0.0: {}

  node-abi@3.94.0:
    dependencies:
      semver: 7.8.5

  on-exit-leak-free@2.1.2: {}

  once@1.4.0:
    dependencies:
      wrappy: 1.0.2

  package-json-from-dist@1.0.1: {}

  path-key@3.1.1: {}

  path-scurry@2.0.2:
    dependencies:
      lru-cache: 11.5.2
      minipass: 7.1.3

  pino-abstract-transport@3.0.0:
    dependencies:
      split2: 4.2.0

  pino-std-serializers@7.1.0: {}

  pino@10.3.1:
    dependencies:
      '@pinojs/redact': 0.4.0
      atomic-sleep: 1.0.0
      on-exit-leak-free: 2.1.2
      pino-abstract-transport: 3.0.0
      pino-std-serializers: 7.1.0
      process-warning: 5.1.0
      quick-format-unescaped: 4.0.4
      real-require: 0.2.0
      safe-stable-stringify: 2.5.0
      sonic-boom: 4.2.1
      thread-stream: 4.2.0

  prebuild-install@7.1.3:
    dependencies:
      detect-libc: 2.1.2
      expand-template: 2.0.3
      github-from-package: 0.0.0
      minimist: 1.2.8
      mkdirp-classic: 0.5.3
      napi-build-utils: 2.0.0
      node-abi: 3.94.0
      pump: 3.0.4
      rc: 1.2.8
      simple-get: 4.0.1
      tar-fs: 2.1.5
      tunnel-agent: 0.6.0

  process-warning@4.0.1: {}

  process-warning@5.1.0: {}

  pump@3.0.4:
    dependencies:
      end-of-stream: 1.4.5
      once: 1.4.0

  quick-format-unescaped@4.0.4: {}

  rc@1.2.8:
    dependencies:
      deep-extend: 0.6.0
      ini: 1.3.8
      minimist: 1.2.8
      strip-json-comments: 2.0.1

  readable-stream@3.6.2:
    dependencies:
      inherits: 2.0.4
      string_decoder: 1.3.0
      util-deprecate: 1.0.2

  real-require@0.2.0: {}

  real-require@1.0.0: {}

  require-from-string@2.0.2: {}

  ret@0.5.0: {}

  reusify@1.1.0: {}

  rfdc@1.4.1: {}

  safe-buffer@5.2.1: {}

  safe-regex2@5.1.1:
    dependencies:
      ret: 0.5.0

  safe-stable-stringify@2.5.0: {}

  secure-json-parse@4.1.0: {}

  semver@7.8.5: {}

  set-cookie-parser@2.7.2: {}

  setprototypeof@1.2.0: {}

  shebang-command@2.0.0:
    dependencies:
      shebang-regex: 3.0.0

  shebang-regex@3.0.0: {}

  signal-exit@4.1.0: {}

  simple-concat@1.0.1: {}

  simple-get@4.0.1:
    dependencies:
      decompress-response: 6.0.0
      once: 1.4.0
      simple-concat: 1.0.1

  sonic-boom@4.2.1:
    dependencies:
      atomic-sleep: 1.0.0

  split2@4.2.0: {}

  statuses@2.0.2: {}

  string_decoder@1.3.0:
    dependencies:
      safe-buffer: 5.2.1

  strip-json-comments@2.0.1: {}

  tar-fs@2.1.5:
    dependencies:
      chownr: 1.1.4
      mkdirp-classic: 0.5.3
      pump: 3.0.4
      tar-stream: 2.2.0

  tar-stream@2.2.0:
    dependencies:
      bl: 4.1.0
      end-of-stream: 1.4.5
      fs-constants: 1.0.0
      inherits: 2.0.4
      readable-stream: 3.6.2

  thread-stream@4.2.0:
    dependencies:
      real-require: 1.0.0

  toad-cache@3.7.4: {}

  toidentifier@1.0.1: {}

  tunnel-agent@0.6.0:
    dependencies:
      safe-buffer: 5.2.1

  typescript@5.9.3: {}

  undici-types@6.21.0: {}

  util-deprecate@1.0.2: {}

  which@2.0.2:
    dependencies:
      isexe: 2.0.0

  wrappy@1.0.2: {}

  yaml@2.9.0: {}
